
Microsoft Visual Studio Solution File, Format Version 12.00
# Visual Studio Version 17
VisualStudioVersion = 17.1.32407.343
MinimumVisualStudioVersion = 10.0.40219.1
Project("{9A19103F-16F7-4668-BE54-9A1E7A4F7556}") = "LightsOut.Client", "src\LightsOut.Client\LightsOut.Client.csproj", "{59ACB3AC-0423-4137-8584-D62C3E4FF2EF}"
EndProject
Project("{9A19103F-16F7-4668-BE54-9A1E7A4F7556}") = "LightsOut.Utility", "src\LightsOut.Utility\LightsOut.Utility.csproj", "{229BD087-B77E-4643-89CB-103E957B6FE9}"
EndProject
Global
	GlobalSection(SolutionConfigurationPlatforms) = preSolution
		Debug|Any CPU = Debug|Any CPU
		Release|Any CPU = Release|Any CPU
	EndGlobalSection
	GlobalSection(ProjectConfigurationPlatforms) = postSolution
		{59ACB3AC-0423-4137-8584-D62C3E4FF2EF}.Debug|Any CPU.ActiveCfg = Debug|Any CPU
		{59ACB3AC-0423-4137-8584-D62C3E4FF2EF}.Debug|Any CPU.Build.0 = Debug|Any CPU
		{59ACB3AC-0423-4137-8584-D62C3E4FF2EF}.Release|Any CPU.ActiveCfg = Release|Any CPU
		{59ACB3AC-0423-4137-8584-D62C3E4FF2EF}.Release|Any CPU.Build.0 = Release|Any CPU
		{229BD087-B77E-4643-89CB-103E957B6FE9}.Debug|Any CPU.ActiveCfg = Debug|Any CPU
		{229BD087-B77E-4643-89CB-103E957B6FE9}.Debug|Any CPU.Build.0 = Debug|Any CPU
		{229BD087-B77E-4643-89CB-103E957B6FE9}.Release|Any CPU.ActiveCfg = Release|Any CPU
		{229BD087-B77E-4643-89CB-103E957B6FE9}.Release|Any CPU.Build.0 = Release|Any CPU
	EndGlobalSection
	GlobalSection(SolutionProperties) = preSolution
		HideSolutionNode = FALSE
	EndGlobalSection
	GlobalSection(ExtensibilityGlobals) = postSolution
		SolutionGuid = {61019A53-32AF-4333-AB95-6FCC4EA6A383}
	EndGlobalSection
EndGlobal
